
Microsoft Visual Studio Solution File, Format Version 12.00
# Visual Studio 15
VisualStudioVersion = 15.0.28307.902
MinimumVisualStudioVersion = 10.0.40219.1
Project("{9A19103F-16F7-4668-BE54-9A1E7A4F7556}") = "ReviewsWebApplication", "ReviewsWebApplication\ReviewsWebApplication.csproj", "{1264DB8E-2F04-4D98-904B-FFE8BFF587F0}"
EndProject
Project("{9A19103F-16F7-4668-BE54-9A1E7A4F7556}") = "ReviewsDTO", "ReviewsDTO\ReviewsDTO.csproj", "{9EB2E9B8-49FC-4C99-A712-EC7787C33961}"
EndProject
Project("{FAE04EC0-301F-11D3-BF4B-00C04F79EFBC}") = "GamesLegacyMVC", "GamesLegacyMVC\GamesLegacyMVC.csproj", "{FFAAC373-9A32-4B89-B965-C6209A2348B2}"
EndProject
Project("{FAE04EC0-301F-11D3-BF4B-00C04F79EFBC}") = "GamesLegacySQL", "GamesLegacySQL\GamesLegacySQL.csproj", "{E7EE11BB-699F-44C4-9292-1A0E233D2B9B}"
EndProject
Global
	GlobalSection(SolutionConfigurationPlatforms) = preSolution
		Debug|Any CPU = Debug|Any CPU
		Release|Any CPU = Release|Any CPU
	EndGlobalSection
	GlobalSection(ProjectConfigurationPlatforms) = postSolution
		{1264DB8E-2F04-4D98-904B-FFE8BFF587F0}.Debug|Any CPU.ActiveCfg = Debug|Any CPU
		{1264DB8E-2F04-4D98-904B-FFE8BFF587F0}.Debug|Any CPU.Build.0 = Debug|Any CPU
		{1264DB8E-2F04-4D98-904B-FFE8BFF587F0}.Release|Any CPU.ActiveCfg = Release|Any CPU
		{1264DB8E-2F04-4D98-904B-FFE8BFF587F0}.Release|Any CPU.Build.0 = Release|Any CPU
		{9EB2E9B8-49FC-4C99-A712-EC7787C33961}.Debug|Any CPU.ActiveCfg = Debug|Any CPU
		{9EB2E9B8-49FC-4C99-A712-EC7787C33961}.Debug|Any CPU.Build.0 = Debug|Any CPU
		{9EB2E9B8-49FC-4C99-A712-EC7787C33961}.Release|Any CPU.ActiveCfg = Release|Any CPU
		{9EB2E9B8-49FC-4C99-A712-EC7787C33961}.Release|Any CPU.Build.0 = Release|Any CPU
		{FFAAC373-9A32-4B89-B965-C6209A2348B2}.Debug|Any CPU.ActiveCfg = Debug|Any CPU
		{FFAAC373-9A32-4B89-B965-C6209A2348B2}.Debug|Any CPU.Build.0 = Debug|Any CPU
		{FFAAC373-9A32-4B89-B965-C6209A2348B2}.Release|Any CPU.ActiveCfg = Release|Any CPU
		{FFAAC373-9A32-4B89-B965-C6209A2348B2}.Release|Any CPU.Build.0 = Release|Any CPU
		{E7EE11BB-699F-44C4-9292-1A0E233D2B9B}.Debug|Any CPU.ActiveCfg = Debug|Any CPU
		{E7EE11BB-699F-44C4-9292-1A0E233D2B9B}.Debug|Any CPU.Build.0 = Debug|Any CPU
		{E7EE11BB-699F-44C4-9292-1A0E233D2B9B}.Release|Any CPU.ActiveCfg = Release|Any CPU
		{E7EE11BB-699F-44C4-9292-1A0E233D2B9B}.Release|Any CPU.Build.0 = Release|Any CPU
	EndGlobalSection
	GlobalSection(SolutionProperties) = preSolution
		HideSolutionNode = FALSE
	EndGlobalSection
	GlobalSection(ExtensibilityGlobals) = postSolution
		SolutionGuid = {FFA7F31D-01A9-4B02-8927-D201491D3B64}
	EndGlobalSection
EndGlobal
